// !$*UTF8*$!
{
	archiveVersion = 1;
	classes = {
	};
	objectVersion = 50;
	objects = {

/* Begin PBXBuildFile section */
		D73DA5772097C76F00493E01 /* Photo+CoreDataProperties.swift in Sources */ = {isa = PBXBuildFile; fileRef = D73DA5762097C76F00493E01 /* Photo+CoreDataProperties.swift */; };
		D73DA5792097C84D00493E01 /* TagsViewController.swift in Sources */ = {isa = PBXBuildFile; fileRef = D73DA5782097C84D00493E01 /* TagsViewController.swift */; };
		D73DA57B2097C8DB00493E01 /* TagDataSource.swift in Sources */ = {isa = PBXBuildFile; fileRef = D73DA57A2097C8DB00493E01 /* TagDataSource.swift */; };
		D7B5CE272093C739000CD417 /* PhotoCollectionViewCell.swift in Sources */ = {isa = PBXBuildFile; fileRef = D7B5CE262093C739000CD417 /* PhotoCollectionViewCell.swift */; };
		D7B834AF20912173000366C3 /* PhotoDataSource.swift in Sources */ = {isa = PBXBuildFile; fileRef = D7B834AE20912173000366C3 /* PhotoDataSource.swift */; };
		D7C2F2F4209630BF00CB972C /* Photorama.xcdatamodeld in Sources */ = {isa = PBXBuildFile; fileRef = D7C2F2F2209630BF00CB972C /* Photorama.xcdatamodeld */; };
		D7C2F2F7209632C500CB972C /* Photo+CoreDataClass.swift in Sources */ = {isa = PBXBuildFile; fileRef = D7C2F2F5209632C500CB972C /* Photo+CoreDataClass.swift */; };
		D7C946A22088004900D8BB40 /* AppDelegate.swift in Sources */ = {isa = PBXBuildFile; fileRef = D7C946A12088004900D8BB40 /* AppDelegate.swift */; };
		D7C946A72088004900D8BB40 /* Main.storyboard in Resources */ = {isa = PBXBuildFile; fileRef = D7C946A52088004900D8BB40 /* Main.storyboard */; };
		D7C946A92088004A00D8BB40 /* Assets.xcassets in Resources */ = {isa = PBXBuildFile; fileRef = D7C946A82088004A00D8BB40 /* Assets.xcassets */; };
		D7C946AC2088004A00D8BB40 /* LaunchScreen.storyboard in Resources */ = {isa = PBXBuildFile; fileRef = D7C946AA2088004A00D8BB40 /* LaunchScreen.storyboard */; };
		D7C946B72088004A00D8BB40 /* PhotoramaTests.swift in Sources */ = {isa = PBXBuildFile; fileRef = D7C946B62088004A00D8BB40 /* PhotoramaTests.swift */; };
		D7C946C22088004A00D8BB40 /* PhotoramaUITests.swift in Sources */ = {isa = PBXBuildFile; fileRef = D7C946C12088004A00D8BB40 /* PhotoramaUITests.swift */; };
		D7C946D02088008800D8BB40 /* PhotoViewController.swift in Sources */ = {isa = PBXBuildFile; fileRef = D7C946CF2088008800D8BB40 /* PhotoViewController.swift */; };
		D7C946D22088043300D8BB40 /* FlickrAPI.swift in Sources */ = {isa = PBXBuildFile; fileRef = D7C946D12088043300D8BB40 /* FlickrAPI.swift */; };
		D7EC68E3208D450E0098CED8 /* PhotoStore.swift in Sources */ = {isa = PBXBuildFile; fileRef = D7EC68E2208D450E0098CED8 /* PhotoStore.swift */; };
		D7FE506E2094FEE500C1177D /* ImageStore.swift in Sources */ = {isa = PBXBuildFile; fileRef = D7FE506D2094FEE400C1177D /* ImageStore.swift */; };
		D7FE50702095003800C1177D /* PhotoInfoViewController.swift in Sources */ = {isa = PBXBuildFile; fileRef = D7FE506F2095003800C1177D /* PhotoInfoViewController.swift */; };
/* End PBXBuildFile section */

/* Begin PBXContainerItemProxy section */
		D7C946B32088004A00D8BB40 /* PBXContainerItemProxy */ = {
			isa = PBXContainerItemProxy;
			containerPortal = D7C946962088004900D8BB40 /* Project object */;
			proxyType = 1;
			remoteGlobalIDString = D7C9469D2088004900D8BB40;
			remoteInfo = Photorama;
		};
		D7C946BE2088004A00D8BB40 /* PBXContainerItemProxy */ = {
			isa = PBXContainerItemProxy;
			containerPortal = D7C946962088004900D8BB40 /* Project object */;
			proxyType = 1;
			remoteGlobalIDString = D7C9469D2088004900D8BB40;
			remoteInfo = Photorama;
		};
/* End PBXContainerItemProxy section */

/* Begin PBXFileReference section */
		D73DA5762097C76F00493E01 /* Photo+CoreDataProperties.swift */ = {isa = PBXFileReference; lastKnownFileType = sourcecode.swift; path = "Photo+CoreDataProperties.swift"; sourceTree = "<group>"; };
		D73DA5782097C84D00493E01 /* TagsViewController.swift */ = {isa = PBXFileReference; lastKnownFileType = sourcecode.swift; path = TagsViewController.swift; sourceTree = "<group>"; };
		D73DA57A2097C8DB00493E01 /* TagDataSource.swift */ = {isa = PBXFileReference; lastKnownFileType = sourcecode.swift; path = TagDataSource.swift; sourceTree = "<group>"; };
		D7B5CE262093C739000CD417 /* PhotoCollectionViewCell.swift */ = {isa = PBXFileReference; lastKnownFileType = sourcecode.swift; path = PhotoCollectionViewCell.swift; sourceTree = "<group>"; };
		D7B834AE20912173000366C3 /* PhotoDataSource.swift */ = {isa = PBXFileReference; lastKnownFileType = sourcecode.swift; path = PhotoDataSource.swift; sourceTree = "<group>"; };
		D7C2F2F3209630BF00CB972C /* Photorama.xcdatamodel */ = {isa = PBXFileReference; lastKnownFileType = wrapper.xcdatamodel; path = Photorama.xcdatamodel; sourceTree = "<group>"; };
		D7C2F2F5209632C500CB972C /* Photo+CoreDataClass.swift */ = {isa = PBXFileReference; lastKnownFileType = sourcecode.swift; path = "Photo+CoreDataClass.swift"; sourceTree = "<group>"; };
		D7C9469E2088004900D8BB40 /* Photorama.app */ = {isa = PBXFileReference; explicitFileType = wrapper.application; includeInIndex = 0; path = Photorama.app; sourceTree = BUILT_PRODUCTS_DIR; };
		D7C946A12088004900D8BB40 /* AppDelegate.swift */ = {isa = PBXFileReference; lastKnownFileType = sourcecode.swift; path = AppDelegate.swift; sourceTree = "<group>"; };
		D7C946A62088004900D8BB40 /* Base */ = {isa = PBXFileReference; lastKnownFileType = file.storyboard; name = Base; path = Base.lproj/Main.storyboard; sourceTree = "<group>"; };
		D7C946A82088004A00D8BB40 /* Assets.xcassets */ = {isa = PBXFileReference; lastKnownFileType = folder.assetcatalog; path = Assets.xcassets; sourceTree = "<group>"; };
		D7C946AB2088004A00D8BB40 /* Base */ = {isa = PBXFileReference; lastKnownFileType = file.storyboard; name = Base; path = Base.lproj/LaunchScreen.storyboard; sourceTree = "<group>"; };
		D7C946AD2088004A00D8BB40 /* Info.plist */ = {isa = PBXFileReference; lastKnownFileType = text.plist.xml; path = Info.plist; sourceTree = "<group>"; };
		D7C946B22088004A00D8BB40 /* PhotoramaTests.xctest */ = {isa = PBXFileReference; explicitFileType = wrapper.cfbundle; includeInIndex = 0; path = PhotoramaTests.xctest; sourceTree = BUILT_PRODUCTS_DIR; };
		D7C946B62088004A00D8BB40 /* PhotoramaTests.swift */ = {isa = PBXFileReference; lastKnownFileType = sourcecode.swift; path = PhotoramaTests.swift; sourceTree = "<group>"; };
		D7C946B82088004A00D8BB40 /* Info.plist */ = {isa = PBXFileReference; lastKnownFileType = text.plist.xml; path = Info.plist; sourceTree = "<group>"; };
		D7C946BD2088004A00D8BB40 /* PhotoramaUITests.xctest */ = {isa = PBXFileReference; explicitFileType = wrapper.cfbundle; includeInIndex = 0; path = PhotoramaUITests.xctest; sourceTree = BUILT_PRODUCTS_DIR; };
		D7C946C12088004A00D8BB40 /* PhotoramaUITests.swift */ = {isa = PBXFileReference; lastKnownFileType = sourcecode.swift; path = PhotoramaUITests.swift; sourceTree = "<group>"; };
		D7C946C32088004A00D8BB40 /* Info.plist */ = {isa = PBXFileReference; lastKnownFileType = text.plist.xml; path = Info.plist; sourceTree = "<group>"; };
		D7C946CF2088008800D8BB40 /* PhotoViewController.swift */ = {isa = PBXFileReference; lastKnownFileType = sourcecode.swift; path = PhotoViewController.swift; sourceTree = "<group>"; };
		D7C946D12088043300D8BB40 /* FlickrAPI.swift */ = {isa = PBXFileReference; lastKnownFileType = sourcecode.swift; path = FlickrAPI.swift; sourceTree = "<group>"; };
		D7EC68E2208D450E0098CED8 /* PhotoStore.swift */ = {isa = PBXFileReference; lastKnownFileType = sourcecode.swift; path = PhotoStore.swift; sourceTree = "<group>"; };
		D7FE506D2094FEE400C1177D /* ImageStore.swift */ = {isa = PBXFileReference; fileEncoding = 4; lastKnownFileType = sourcecode.swift; path = ImageStore.swift; sourceTree = "<group>"; };
		D7FE506F2095003800C1177D /* PhotoInfoViewController.swift */ = {isa = PBXFileReference; lastKnownFileType = sourcecode.swift; path = PhotoInfoViewController.swift; sourceTree = "<group>"; };
/* End PBXFileReference section */

/* Begin PBXFrameworksBuildPhase section */
		D7C9469B2088004900D8BB40 /* Frameworks */ = {
			isa = PBXFrameworksBuildPhase;
			buildActionMask = 2147483647;
			files = (
			);
			runOnlyForDeploymentPostprocessing = 0;
		};
		D7C946AF2088004A00D8BB40 /* Frameworks */ = {
			isa = PBXFrameworksBuildPhase;
			buildActionMask = 2147483647;
			files = (
			);
			runOnlyForDeploymentPostprocessing = 0;
		};
		D7C946BA2088004A00D8BB40 /* Frameworks */ = {
			isa = PBXFrameworksBuildPhase;
			buildActionMask = 2147483647;
			files = (
			);
			runOnlyForDeploymentPostprocessing = 0;
		};
/* End PBXFrameworksBuildPhase section */

/* Begin PBXGroup section */
		D7C946952088004900D8BB40 = {
			isa = PBXGroup;
			children = (
				D73DA5762097C76F00493E01 /* Photo+CoreDataProperties.swift */,
				D7C2F2F5209632C500CB972C /* Photo+CoreDataClass.swift */,
				D7C946A02088004900D8BB40 /* Photorama */,
				D7C946B52088004A00D8BB40 /* PhotoramaTests */,
				D7C946C02088004A00D8BB40 /* PhotoramaUITests */,
				D7C9469F2088004900D8BB40 /* Products */,
			);
			sourceTree = "<group>";
		};
		D7C9469F2088004900D8BB40 /* Products */ = {
			isa = PBXGroup;
			children = (
				D7C9469E2088004900D8BB40 /* Photorama.app */,
				D7C946B22088004A00D8BB40 /* PhotoramaTests.xctest */,
				D7C946BD2088004A00D8BB40 /* PhotoramaUITests.xctest */,
			);
			name = Products;
			sourceTree = "<group>";
		};
		D7C946A02088004900D8BB40 /* Photorama */ = {
			isa = PBXGroup;
			children = (
				D7C946A12088004900D8BB40 /* AppDelegate.swift */,
				D7C946CF2088008800D8BB40 /* PhotoViewController.swift */,
				D7C2F2F2209630BF00CB972C /* Photorama.xcdatamodeld */,
				D7C946A52088004900D8BB40 /* Main.storyboard */,
				D73DA5782097C84D00493E01 /* TagsViewController.swift */,
				D73DA57A2097C8DB00493E01 /* TagDataSource.swift */,
				D7B5CE262093C739000CD417 /* PhotoCollectionViewCell.swift */,
				D7B834AE20912173000366C3 /* PhotoDataSource.swift */,
				D7C946D12088043300D8BB40 /* FlickrAPI.swift */,
				D7EC68E2208D450E0098CED8 /* PhotoStore.swift */,
				D7FE506F2095003800C1177D /* PhotoInfoViewController.swift */,
				D7FE506D2094FEE400C1177D /* ImageStore.swift */,
				D7C946A82088004A00D8BB40 /* Assets.xcassets */,
				D7C946AA2088004A00D8BB40 /* LaunchScreen.storyboard */,
				D7C946AD2088004A00D8BB40 /* Info.plist */,
			);
			path = Photorama;
			sourceTree = "<group>";
		};
		D7C946B52088004A00D8BB40 /* PhotoramaTests */ = {
			isa = PBXGroup;
			children = (
				D7C946B62088004A00D8BB40 /* PhotoramaTests.swift */,
				D7C946B82088004A00D8BB40 /* Info.plist */,
			);
			path = PhotoramaTests;
			sourceTree = "<group>";
		};
		D7C946C02088004A00D8BB40 /* PhotoramaUITests */ = {
			isa = PBXGroup;
			children = (
				D7C946C12088004A00D8BB40 /* PhotoramaUITests.swift */,
				D7C946C32088004A00D8BB40 /* Info.plist */,
			);
			path = PhotoramaUITests;
			sourceTree = "<group>";
		};
/* End PBXGroup section */

/* Begin PBXNativeTarget section */
		D7C9469D2088004900D8BB40 /* Photorama */ = {
			isa = PBXNativeTarget;
			buildConfigurationList = D7C946C62088004A00D8BB40 /* Build configuration list for PBXNativeTarget "Photorama" */;
			buildPhases = (
				D7C9469A2088004900D8BB40 /* Sources */,
				D7C9469B2088004900D8BB40 /* Frameworks */,
				D7C9469C2088004900D8BB40 /* Resources */,
			);
			buildRules = (
			);
			dependencies = (
			);
			name = Photorama;
			productName = Photorama;
			productReference = D7C9469E2088004900D8BB40 /* Photorama.app */;
			productType = "com.apple.product-type.application";
		};
		D7C946B12088004A00D8BB40 /* PhotoramaTests */ = {
			isa = PBXNativeTarget;
			buildConfigurationList = D7C946C92088004A00D8BB40 /* Build configuration list for PBXNativeTarget "PhotoramaTests" */;
			buildPhases = (
				D7C946AE2088004A00D8BB40 /* Sources */,
				D7C946AF2088004A00D8BB40 /* Frameworks */,
				D7C946B02088004A00D8BB40 /* Resources */,
			);
			buildRules = (
			);
			dependencies = (
				D7C946B42088004A00D8BB40 /* PBXTargetDependency */,
			);
			name = PhotoramaTests;
			productName = PhotoramaTests;
			productReference = D7C946B22088004A00D8BB40 /* PhotoramaTests.xctest */;
			productType = "com.apple.product-type.bundle.unit-test";
		};
		D7C946BC2088004A00D8BB40 /* PhotoramaUITests */ = {
			isa = PBXNativeTarget;
			buildConfigurationList = D7C946CC2088004A00D8BB40 /* Build configuration list for PBXNativeTarget "PhotoramaUITests" */;
			buildPhases = (
				D7C946B92088004A00D8BB40 /* Sources */,
				D7C946BA2088004A00D8BB40 /* Frameworks */,
				D7C946BB2088004A00D8BB40 /* Resources */,
			);
			buildRules = (
			);
			dependencies = (
				D7C946BF2088004A00D8BB40 /* PBXTargetDependency */,
			);
			name = PhotoramaUITests;
			productName = PhotoramaUITests;
			productReference = D7C946BD2088004A00D8BB40 /* PhotoramaUITests.xctest */;
			productType = "com.apple.product-type.bundle.ui-testing";
		};
/* End PBXNativeTarget section */

/* Begin PBXProject section */
		D7C946962088004900D8BB40 /* Project object */ = {
			isa = PBXProject;
			attributes = {
				LastSwiftUpdateCheck = 0930;
				LastUpgradeCheck = 0930;
				ORGANIZATIONNAME = "Charles Nolan";
				TargetAttributes = {
					D7C9469D2088004900D8BB40 = {
						CreatedOnToolsVersion = 9.3;
					};
					D7C946B12088004A00D8BB40 = {
						CreatedOnToolsVersion = 9.3;
						TestTargetID = D7C9469D2088004900D8BB40;
					};
					D7C946BC2088004A00D8BB40 = {
						CreatedOnToolsVersion = 9.3;
						TestTargetID = D7C9469D2088004900D8BB40;
					};
				};
			};
			buildConfigurationList = D7C946992088004900D8BB40 /* Build configuration list for PBXProject "Photorama" */;
			compatibilityVersion = "Xcode 9.3";
			developmentRegion = en;
			hasScannedForEncodings = 0;
			knownRegions = (
				en,
				Base,
			);
			mainGroup = D7C946952088004900D8BB40;
			productRefGroup = D7C9469F2088004900D8BB40 /* Products */;
			projectDirPath = "";
			projectRoot = "";
			targets = (
				D7C9469D2088004900D8BB40 /* Photorama */,
				D7C946B12088004A00D8BB40 /* PhotoramaTests */,
				D7C946BC2088004A00D8BB40 /* PhotoramaUITests */,
			);
		};
/* End PBXProject section */

/* Begin PBXResourcesBuildPhase section */
		D7C9469C2088004900D8BB40 /* Resources */ = {
			isa = PBXResourcesBuildPhase;
			buildActionMask = 2147483647;
			files = (
				D7C946AC2088004A00D8BB40 /* LaunchScreen.storyboard in Resources */,
				D7C946A92088004A00D8BB40 /* Assets.xcassets in Resources */,
				D7C946A72088004900D8BB40 /* Main.storyboard in Resources */,
			);
			runOnlyForDeploymentPostprocessing = 0;
		};
		D7C946B02088004A00D8BB40 /* Resources */ = {
			isa = PBXResourcesBuildPhase;
			buildActionMask = 2147483647;
			files = (
			);
			runOnlyForDeploymentPostprocessing = 0;
		};
		D7C946BB2088004A00D8BB40 /* Resources */ = {
			isa = PBXResourcesBuildPhase;
			buildActionMask = 2147483647;
			files = (
			);
			runOnlyForDeploymentPostprocessing = 0;
		};
/* End PBXResourcesBuildPhase section */

/* Begin PBXSourcesBuildPhase section */
		D7C9469A2088004900D8BB40 /* Sources */ = {
			isa = PBXSourcesBuildPhase;
			buildActionMask = 2147483647;
			files = (
				D7C2F2F7209632C500CB972C /* Photo+CoreDataClass.swift in Sources */,
				D73DA57B2097C8DB00493E01 /* TagDataSource.swift in Sources */,
				D7C946D22088043300D8BB40 /* FlickrAPI.swift in Sources */,
				D7C946A22088004900D8BB40 /* AppDelegate.swift in Sources */,
				D7EC68E3208D450E0098CED8 /* PhotoStore.swift in Sources */,
				D7FE506E2094FEE500C1177D /* ImageStore.swift in Sources */,
				D73DA5792097C84D00493E01 /* TagsViewController.swift in Sources */,
				D7B834AF20912173000366C3 /* PhotoDataSource.swift in Sources */,
				D7C2F2F4209630BF00CB972C /* Photorama.xcdatamodeld in Sources */,
				D7B5CE272093C739000CD417 /* PhotoCollectionViewCell.swift in Sources */,
				D73DA5772097C76F00493E01 /* Photo+CoreDataProperties.swift in Sources */,
				D7C946D02088008800D8BB40 /* PhotoViewController.swift in Sources */,
				D7FE50702095003800C1177D /* PhotoInfoViewController.swift in Sources */,
			);
			runOnlyForDeploymentPostprocessing = 0;
		};
		D7C946AE2088004A00D8BB40 /* Sources */ = {
			isa = PBXSourcesBuildPhase;
			buildActionMask = 2147483647;
			files = (
				D7C946B72088004A00D8BB40 /* PhotoramaTests.swift in Sources */,
			);
			runOnlyForDeploymentPostprocessing = 0;
		};
		D7C946B92088004A00D8BB40 /* Sources */ = {
			isa = PBXSourcesBuildPhase;
			buildActionMask = 2147483647;
			files = (
				D7C946C22088004A00D8BB40 /* PhotoramaUITests.swift in Sources */,
			);
			runOnlyForDeploymentPostprocessing = 0;
		};
/* End PBXSourcesBuildPhase section */

/* Begin PBXTargetDependency section */
		D7C946B42088004A00D8BB40 /* PBXTargetDependency */ = {
			isa = PBXTargetDependency;
			target = D7C9469D2088004900D8BB40 /* Photorama */;
			targetProxy = D7C946B32088004A00D8BB40 /* PBXContainerItemProxy */;
		};
		D7C946BF2088004A00D8BB40 /* PBXTargetDependency */ = {
			isa = PBXTargetDependency;
			target = D7C9469D2088004900D8BB40 /* Photorama */;
			targetProxy = D7C946BE2088004A00D8BB40 /* PBXContainerItemProxy */;
		};
/* End PBXTargetDependency section */

/* Begin PBXVariantGroup section */
		D7C946A52088004900D8BB40 /* Main.storyboard */ = {
			isa = PBXVariantGroup;
			children = (
				D7C946A62088004900D8BB40 /* Base */,
			);
			name = Main.storyboard;
			sourceTree = "<group>";
		};
		D7C946AA2088004A00D8BB40 /* LaunchScreen.storyboard */ = {
			isa = PBXVariantGroup;
			children = (
				D7C946AB2088004A00D8BB40 /* Base */,
			);
			name = LaunchScreen.storyboard;
			sourceTree = "<group>";
		};
/* End PBXVariantGroup section */

/* Begin XCBuildConfiguration section */
		D7C946C42088004A00D8BB40 /* Debug */ = {
			isa = XCBuildConfiguration;
			buildSettings = {
				ALWAYS_SEARCH_USER_PATHS = NO;
				CLANG_ANALYZER_NONNULL = YES;
				CLANG_ANALYZER_NUMBER_OBJECT_CONVERSION = YES_AGGRESSIVE;
				CLANG_CXX_LANGUAGE_STANDARD = "gnu++14";
				CLANG_CXX_LIBRARY = "libc++";
				CLANG_ENABLE_MODULES = YES;
				CLANG_ENABLE_OBJC_ARC = YES;
				CLANG_ENABLE_OBJC_WEAK = YES;
				CLANG_WARN_BLOCK_CAPTURE_AUTORELEASING = YES;
				CLANG_WARN_BOOL_CONVERSION = YES;
				CLANG_WARN_COMMA = YES;
				CLANG_WARN_CONSTANT_CONVERSION = YES;
				CLANG_WARN_DEPRECATED_OBJC_IMPLEMENTATIONS = YES;
				CLANG_WARN_DIRECT_OBJC_ISA_USAGE = YES_ERROR;
				CLANG_WARN_DOCUMENTATION_COMMENTS = YES;
				CLANG_WARN_EMPTY_BODY = YES;
				CLANG_WARN_ENUM_CONVERSION = YES;
				CLANG_WARN_INFINITE_RECURSION = YES;
				CLANG_WARN_INT_CONVERSION = YES;
				CLANG_WARN_NON_LITERAL_NULL_CONVERSION = YES;
				CLANG_WARN_OBJC_IMPLICIT_RETAIN_SELF = YES;
				CLANG_WARN_OBJC_LITERAL_CONVERSION = YES;
				CLANG_WARN_OBJC_ROOT_CLASS = YES_ERROR;
				CLANG_WARN_RANGE_LOOP_ANALYSIS = YES;
				CLANG_WARN_STRICT_PROTOTYPES = YES;
				CLANG_WARN_SUSPICIOUS_MOVE = YES;
				CLANG_WARN_UNGUARDED_AVAILABILITY = YES_AGGRESSIVE;
				CLANG_WARN_UNREACHABLE_CODE = YES;
				CLANG_WARN__DUPLICATE_METHOD_MATCH = YES;
				CODE_SIGN_IDENTITY = "iPhone Developer";
				COPY_PHASE_STRIP = NO;
				DEBUG_INFORMATION_FORMAT = dwarf;
				ENABLE_STRICT_OBJC_MSGSEND = YES;
				ENABLE_TESTABILITY = YES;
				GCC_C_LANGUAGE_STANDARD = gnu11;
				GCC_DYNAMIC_NO_PIC = NO;
				GCC_NO_COMMON_BLOCKS = YES;
				GCC_OPTIMIZATION_LEVEL = 0;
				GCC_PREPROCESSOR_DEFINITIONS = (
					"DEBUG=1",
					"$(inherited)",
				);
				GCC_WARN_64_TO_32_BIT_CONVERSION = YES;
				GCC_WARN_ABOUT_RETURN_TYPE = YES_ERROR;
				GCC_WARN_UNDECLARED_SELECTOR = YES;
				GCC_WARN_UNINITIALIZED_AUTOS = YES_AGGRESSIVE;
				GCC_WARN_UNUSED_FUNCTION = YES;
				GCC_WARN_UNUSED_VARIABLE = YES;
				IPHONEOS_DEPLOYMENT_TARGET = 11.3;
				MTL_ENABLE_DEBUG_INFO = YES;
				ONLY_ACTIVE_ARCH = YES;
				SDKROOT = iphoneos;
				SWIFT_ACTIVE_COMPILATION_CONDITIONS = DEBUG;
				SWIFT_OPTIMIZATION_LEVEL = "-Onone";
			};
			name = Debug;
		};
		D7C946C52088004A00D8BB40 /* Release */ = {
			isa = XCBuildConfiguration;
			buildSettings = {
				ALWAYS_SEARCH_USER_PATHS = NO;
				CLANG_ANALYZER_NONNULL = YES;
				CLANG_ANALYZER_NUMBER_OBJECT_CONVERSION = YES_AGGRESSIVE;
				CLANG_CXX_LANGUAGE_STANDARD = "gnu++14";
				CLANG_CXX_LIBRARY = "libc++";
				CLANG_ENABLE_MODULES = YES;
				CLANG_ENABLE_OBJC_ARC = YES;
				CLANG_ENABLE_OBJC_WEAK = YES;
				CLANG_WARN_BLOCK_CAPTURE_AUTORELEASING = YES;
				CLANG_WARN_BOOL_CONVERSION = YES;
				CLANG_WARN_COMMA = YES;
				CLANG_WARN_CONSTANT_CONVERSION = YES;
				CLANG_WARN_DEPRECATED_OBJC_IMPLEMENTATIONS = YES;
				CLANG_WARN_DIRECT_OBJC_ISA_USAGE = YES_ERROR;
				CLANG_WARN_DOCUMENTATION_COMMENTS = YES;
				CLANG_WARN_EMPTY_BODY = YES;
				CLANG_WARN_ENUM_CONVERSION = YES;
				CLANG_WARN_INFINITE_RECURSION = YES;
				CLANG_WARN_INT_CONVERSION = YES;
				CLANG_WARN_NON_LITERAL_NULL_CONVERSION = YES;
				CLANG_WARN_OBJC_IMPLICIT_RETAIN_SELF = YES;
				CLANG_WARN_OBJC_LITERAL_CONVERSION = YES;
				CLANG_WARN_OBJC_ROOT_CLASS = YES_ERROR;
				CLANG_WARN_RANGE_LOOP_ANALYSIS = YES;
				CLANG_WARN_STRICT_PROTOTYPES = YES;
				CLANG_WARN_SUSPICIOUS_MOVE = YES;
				CLANG_WARN_UNGUARDED_AVAILABILITY = YES_AGGRESSIVE;
				CLANG_WARN_UNREACHABLE_CODE = YES;
				CLANG_WARN__DUPLICATE_METHOD_MATCH = YES;
				CODE_SIGN_IDENTITY = "iPhone Developer";
				COPY_PHASE_STRIP = NO;
				DEBUG_INFORMATION_FORMAT = "dwarf-with-dsym";
				ENABLE_NS_ASSERTIONS = NO;
				ENABLE_STRICT_OBJC_MSGSEND = YES;
				GCC_C_LANGUAGE_STANDARD = gnu11;
				GCC_NO_COMMON_BLOCKS = YES;
				GCC_WARN_64_TO_32_BIT_CONVERSION = YES;
				GCC_WARN_ABOUT_RETURN_TYPE = YES_ERROR;
				GCC_WARN_UNDECLARED_SELECTOR = YES;
				GCC_WARN_UNINITIALIZED_AUTOS = YES_AGGRESSIVE;
				GCC_WARN_UNUSED_FUNCTION = YES;
				GCC_WARN_UNUSED_VARIABLE = YES;
				IPHONEOS_DEPLOYMENT_TARGET = 11.3;
				MTL_ENABLE_DEBUG_INFO = NO;
				SDKROOT = iphoneos;
				SWIFT_COMPILATION_MODE = wholemodule;
				SWIFT_OPTIMIZATION_LEVEL = "-O";
				VALIDATE_PRODUCT = YES;
			};
			name = Release;
		};
		D7C946C72088004A00D8BB40 /* Debug */ = {
			isa = XCBuildConfiguration;
			buildSettings = {
				ASSETCATALOG_COMPILER_APPICON_NAME = AppIcon;
				CODE_SIGN_STYLE = Automatic;
				DEVELOPMENT_TEAM = 485ZBS428L;
				INFOPLIST_FILE = Photorama/Info.plist;
				LD_RUNPATH_SEARCH_PATHS = (
					"$(inherited)",
					"@executable_path/Frameworks",
				);
				PRODUCT_BUNDLE_IDENTIFIER = com.charleswilliamnolan.Photorama;
				PRODUCT_NAME = "$(TARGET_NAME)";
				SWIFT_VERSION = 4.0;
				TARGETED_DEVICE_FAMILY = "1,2";
			};
			name = Debug;
		};
		D7C946C82088004A00D8BB40 /* Release */ = {
			isa = XCBuildConfiguration;
			buildSettings = {
				ASSETCATALOG_COMPILER_APPICON_NAME = AppIcon;
				CODE_SIGN_STYLE = Automatic;
				DEVELOPMENT_TEAM = 485ZBS428L;
				INFOPLIST_FILE = Photorama/Info.plist;
				LD_RUNPATH_SEARCH_PATHS = (
					"$(inherited)",
					"@executable_path/Frameworks",
				);
				PRODUCT_BUNDLE_IDENTIFIER = com.charleswilliamnolan.Photorama;
				PRODUCT_NAME = "$(TARGET_NAME)";
				SWIFT_VERSION = 4.0;
				TARGETED_DEVICE_FAMILY = "1,2";
			};
			name = Release;
		};
		D7C946CA2088004A00D8BB40 /* Debug */ = {
			isa = XCBuildConfiguration;
			buildSettings = {
				ALWAYS_EMBED_SWIFT_STANDARD_LIBRARIES = YES;
				BUNDLE_LOADER = "$(TEST_HOST)";
				CODE_SIGN_STYLE = Automatic;
				DEVELOPMENT_TEAM = 485ZBS428L;
				INFOPLIST_FILE = PhotoramaTests/Info.plist;
				LD_RUNPATH_SEARCH_PATHS = (
					"$(inherited)",
					"@executable_path/Frameworks",
					"@loader_path/Frameworks",
				);
				PRODUCT_BUNDLE_IDENTIFIER = com.charleswilliamnolan.PhotoramaTests;
				PRODUCT_NAME = "$(TARGET_NAME)";
				SWIFT_VERSION = 4.0;
				TARGETED_DEVICE_FAMILY = "1,2";
				TEST_HOST = "$(BUILT_PRODUCTS_DIR)/Photorama.app/Photorama";
			};
			name = Debug;
		};
		D7C946CB2088004A00D8BB40 /* Release */ = {
			isa = XCBuildConfiguration;
			buildSettings = {
				ALWAYS_EMBED_SWIFT_STANDARD_LIBRARIES = YES;
				BUNDLE_LOADER = "$(TEST_HOST)";
				CODE_SIGN_STYLE = Automatic;
				DEVELOPMENT_TEAM = 485ZBS428L;
				INFOPLIST_FILE = PhotoramaTests/Info.plist;
				LD_RUNPATH_SEARCH_PATHS = (
					"$(inherited)",
					"@executable_path/Frameworks",
					"@loader_path/Frameworks",
				);
				PRODUCT_BUNDLE_IDENTIFIER = com.charleswilliamnolan.PhotoramaTests;
				PRODUCT_NAME = "$(TARGET_NAME)";
				SWIFT_VERSION = 4.0;
				TARGETED_DEVICE_FAMILY = "1,2";
				TEST_HOST = "$(BUILT_PRODUCTS_DIR)/Photorama.app/Photorama";
			};
			name = Release;
		};
		D7C946CD2088004A00D8BB40 /* Debug */ = {
			isa = XCBuildConfiguration;
			buildSettings = {
				ALWAYS_EMBED_SWIFT_STANDARD_LIBRARIES = YES;
				CODE_SIGN_STYLE = Automatic;
				DEVELOPMENT_TEAM = 485ZBS428L;
				INFOPLIST_FILE = PhotoramaUITests/Info.plist;
				LD_RUNPATH_SEARCH_PATHS = (
					"$(inherited)",
					"@executable_path/Frameworks",
					"@loader_path/Frameworks",
				);
				PRODUCT_BUNDLE_IDENTIFIER = com.charleswilliamnolan.PhotoramaUITests;
				PRODUCT_NAME = "$(TARGET_NAME)";
				SWIFT_VERSION = 4.0;
				TARGETED_DEVICE_FAMILY = "1,2";
				TEST_TARGET_NAME = Photorama;
			};
			name = Debug;
		};
		D7C946CE2088004A00D8BB40 /* Release */ = {
			isa = XCBuildConfiguration;
			buildSettings = {
				ALWAYS_EMBED_SWIFT_STANDARD_LIBRARIES = YES;
				CODE_SIGN_STYLE = Automatic;
				DEVELOPMENT_TEAM = 485ZBS428L;
				INFOPLIST_FILE = PhotoramaUITests/Info.plist;
				LD_RUNPATH_SEARCH_PATHS = (
					"$(inherited)",
					"@executable_path/Frameworks",
					"@loader_path/Frameworks",
				);
				PRODUCT_BUNDLE_IDENTIFIER = com.charleswilliamnolan.PhotoramaUITests;
				PRODUCT_NAME = "$(TARGET_NAME)";
				SWIFT_VERSION = 4.0;
				TARGETED_DEVICE_FAMILY = "1,2";
				TEST_TARGET_NAME = Photorama;
			};
			name = Release;
		};
/* End XCBuildConfiguration section */

/* Begin XCConfigurationList section */
		D7C946992088004900D8BB40 /* Build configuration list for PBXProject "Photorama" */ = {
			isa = XCConfigurationList;
			buildConfigurations = (
				D7C946C42088004A00D8BB40 /* Debug */,
				D7C946C52088004A00D8BB40 /* Release */,
			);
			defaultConfigurationIsVisible = 0;
			defaultConfigurationName = Release;
		};
		D7C946C62088004A00D8BB40 /* Build configuration list for PBXNativeTarget "Photorama" */ = {
			isa = XCConfigurationList;
			buildConfigurations = (
				D7C946C72088004A00D8BB40 /* Debug */,
				D7C946C82088004A00D8BB40 /* Release */,
			);
			defaultConfigurationIsVisible = 0;
			defaultConfigurationName = Release;
		};
		D7C946C92088004A00D8BB40 /* Build configuration list for PBXNativeTarget "PhotoramaTests" */ = {
			isa = XCConfigurationList;
			buildConfigurations = (
				D7C946CA2088004A00D8BB40 /* Debug */,
				D7C946CB2088004A00D8BB40 /* Release */,
			);
			defaultConfigurationIsVisible = 0;
			defaultConfigurationName = Release;
		};
		D7C946CC2088004A00D8BB40 /* Build configuration list for PBXNativeTarget "PhotoramaUITests" */ = {
			isa = XCConfigurationList;
			buildConfigurations = (
				D7C946CD2088004A00D8BB40 /* Debug */,
				D7C946CE2088004A00D8BB40 /* Release */,
			);
			defaultConfigurationIsVisible = 0;
			defaultConfigurationName = Release;
		};
/* End XCConfigurationList section */

/* Begin XCVersionGroup section */
		D7C2F2F2209630BF00CB972C /* Photorama.xcdatamodeld */ = {
			isa = XCVersionGroup;
			children = (
				D7C2F2F3209630BF00CB972C /* Photorama.xcdatamodel */,
			);
			currentVersion = D7C2F2F3209630BF00CB972C /* Photorama.xcdatamodel */;
			path = Photorama.xcdatamodeld;
			sourceTree = "<group>";
			versionGroupType = wrapper.xcdatamodel;
		};
/* End XCVersionGroup section */
	};
	rootObject = D7C946962088004900D8BB40 /* Project object */;
}
